
Microsoft Visual Studio Solution File, Format Version 12.00
# Visual Studio Version 17
VisualStudioVersion = 17.1.32328.378
MinimumVisualStudioVersion = 10.0.40219.1
Project("{FAE04EC0-301F-11D3-BF4B-00C04F79EFBC}") = "MazeSolverImproved", "MazeSolverImproved\MazeSolverImproved.csproj", "{D320A175-358A-4C66-ABBD-EAFD886F5CF3}"
EndProject
Project("{FAE04EC0-301F-11D3-BF4B-00C04F79EFBC}") = "MazeSolverImproved.Tests", "MazeSolverImproved.Tests\MazeSolverImproved.Tests.csproj", "{051AC5DA-3BEE-4C7C-ACA0-450383E72110}"
EndProject
Global
	GlobalSection(SolutionConfigurationPlatforms) = preSolution
		Debug|Any CPU = Debug|Any CPU
		Release|Any CPU = Release|Any CPU
	EndGlobalSection
	GlobalSection(ProjectConfigurationPlatforms) = postSolution
		{D320A175-358A-4C66-ABBD-EAFD886F5CF3}.Debug|Any CPU.ActiveCfg = Debug|Any CPU
		{D320A175-358A-4C66-ABBD-EAFD886F5CF3}.Debug|Any CPU.Build.0 = Debug|Any CPU
		{D320A175-358A-4C66-ABBD-EAFD886F5CF3}.Release|Any CPU.ActiveCfg = Release|Any CPU
		{D320A175-358A-4C66-ABBD-EAFD886F5CF3}.Release|Any CPU.Build.0 = Release|Any CPU
		{051AC5DA-3BEE-4C7C-ACA0-450383E72110}.Debug|Any CPU.ActiveCfg = Debug|Any CPU
		{051AC5DA-3BEE-4C7C-ACA0-450383E72110}.Debug|Any CPU.Build.0 = Debug|Any CPU
		{051AC5DA-3BEE-4C7C-ACA0-450383E72110}.Release|Any CPU.ActiveCfg = Release|Any CPU
		{051AC5DA-3BEE-4C7C-ACA0-450383E72110}.Release|Any CPU.Build.0 = Release|Any CPU
	EndGlobalSection
	GlobalSection(SolutionProperties) = preSolution
		HideSolutionNode = FALSE
	EndGlobalSection
	GlobalSection(ExtensibilityGlobals) = postSolution
		SolutionGuid = {371BD80C-D552-423B-9646-05B8C5BB7CB1}
	EndGlobalSection
EndGlobal
